
Microsoft Visual Studio Solution File, Format Version 12.00
# Visual Studio Version 17
VisualStudioVersion = 17.8.34408.163
MinimumVisualStudioVersion = 10.0.40219.1
Project("{9A19103F-16F7-4668-BE54-9A1E7A4F7556}") = "TBC.CommonLib.Test", "TBC.CommonLib.Test\TBC.CommonLib.Test.csproj", "{FD940955-7608-478E-8EC2-815ABBE5AC1E}"
EndProject
Project("{FAE04EC0-301F-11D3-BF4B-00C04F79EFBC}") = "TBC.CommonLib", "TBC.CommonLib\TBC.CommonLib.csproj", "{F5B02BD1-58F7-46BC-B5EE-E9DFBDC38E1A}"
EndProject
Global
	GlobalSection(SolutionConfigurationPlatforms) = preSolution
		Debug|Any CPU = Debug|Any CPU
		Release|Any CPU = Release|Any CPU
	EndGlobalSection
	GlobalSection(ProjectConfigurationPlatforms) = postSolution
		{FD940955-7608-478E-8EC2-815ABBE5AC1E}.Debug|Any CPU.ActiveCfg = Debug|Any CPU
		{FD940955-7608-478E-8EC2-815ABBE5AC1E}.Debug|Any CPU.Build.0 = Debug|Any CPU
		{FD940955-7608-478E-8EC2-815ABBE5AC1E}.Release|Any CPU.ActiveCfg = Release|Any CPU
		{FD940955-7608-478E-8EC2-815ABBE5AC1E}.Release|Any CPU.Build.0 = Release|Any CPU
		{F5B02BD1-58F7-46BC-B5EE-E9DFBDC38E1A}.Debug|Any CPU.ActiveCfg = Debug|Any CPU
		{F5B02BD1-58F7-46BC-B5EE-E9DFBDC38E1A}.Debug|Any CPU.Build.0 = Debug|Any CPU
		{F5B02BD1-58F7-46BC-B5EE-E9DFBDC38E1A}.Release|Any CPU.ActiveCfg = Release|Any CPU
		{F5B02BD1-58F7-46BC-B5EE-E9DFBDC38E1A}.Release|Any CPU.Build.0 = Release|Any CPU
	EndGlobalSection
	GlobalSection(SolutionProperties) = preSolution
		HideSolutionNode = FALSE
	EndGlobalSection
	GlobalSection(ExtensibilityGlobals) = postSolution
		SolutionGuid = {81411646-B6E6-461E-8F6A-5BEF0B714D1B}
	EndGlobalSection
EndGlobal
